
Microsoft Visual Studio Solution File, Format Version 12.00
# Visual Studio Version 16
VisualStudioVersion = 16.0.30503.244
MinimumVisualStudioVersion = 10.0.40219.1
Project("{FAE04EC0-301F-11D3-BF4B-00C04F79EFBC}") = "part1", "part1\part1.csproj", "{4963D796-26BE-4806-A1B9-B5F9392B4592}"
EndProject
Global
	GlobalSection(SolutionConfigurationPlatforms) = preSolution
		Debug|Any CPU = Debug|Any CPU
		Release|Any CPU = Release|Any CPU
	EndGlobalSection
	GlobalSection(ProjectConfigurationPlatforms) = postSolution
		{4963D796-26BE-4806-A1B9-B5F9392B4592}.Debug|Any CPU.ActiveCfg = Debug|Any CPU
		{4963D796-26BE-4806-A1B9-B5F9392B4592}.Debug|Any CPU.Build.0 = Debug|Any CPU
		{4963D796-26BE-4806-A1B9-B5F9392B4592}.Release|Any CPU.ActiveCfg = Release|Any CPU
		{4963D796-26BE-4806-A1B9-B5F9392B4592}.Release|Any CPU.Build.0 = Release|Any CPU
	EndGlobalSection
	GlobalSection(SolutionProperties) = preSolution
		HideSolutionNode = FALSE
	EndGlobalSection
	GlobalSection(ExtensibilityGlobals) = postSolution
		SolutionGuid = {0462842C-7D5E-49B1-A2C0-7DD4A1D52574}
	EndGlobalSection
EndGlobal
